{
  "policy_version": "3.0.0",
  "protected_files": {
    "backend/database/google_image_data.json": {
      "hash": "5a5b37a4eb6ecc6a96224b14dae6efd8af3c84f7653a41cc0c22d10a29d99883",
      "size": 3951089
    },
    "backend/database/mixins.py": {
      "hash": "8a64be69c949be93a7464568c0608efda52842b92164c1d9658d0aea8ee9eac3",
      "size": 616
    },
    "backend/database/__init__.py": {
      "hash": "150d7e273b55d55a02a60281c18ef4291b5319a35b6266d6e620b7af369cfff9",
      "size": 95
    },
    "backend/database/core.py": {
      "hash": "70b3943d0046c47831652d243e62c5dd71b9b15ae89384598648ee52f6bc11eb",
      "size": 1061
    },
    "backend/database/google_images_import.json": {
      "hash": "d569a585a51fad85dc43770fe3c1f375902d61493c694e02f4ff303559334f96",
      "size": 5529665
    },
    "backend/science/features_registry.py": {
      "hash": "4ad339a2f7ccf1c08614da6d9cf5563c518f604f37cbb3f6a447b2afc9106a25",
      "size": 5406
    },
    "backend/science/vision.py": {
      "hash": "6c855f208c009e29861b282144314ffe57da754dc4c1aa8d0bf849a1f43d2d48",
      "size": 2253
    },
    "backend/science/index_catalog.py": {
      "hash": "b61016c9843d2fbced337e5076d508cd050faa9fed5adc66f547f977c4c13178",
      "size": 1622
    },
    "backend/science/features_canonical.jsonl": {
      "hash": "f72b2e892c2991e369c9d7a23f18bd89086febcd44a7d4ea262cc6f45530a2c5",
      "size": 68942
    },
    "backend/science/__init__.py": {
      "hash": "f0be820d4df5b438267d41177779831df166bc8bb5581297b6eaaceb36c4835d",
      "size": 25
    },
    "backend/science/core.py": {
      "hash": "a06d63588a6a452b616189060710034270e8a8d65f0efdd24a28bf623f72f045",
      "size": 2083
    },
    "backend/science/biophilia.py": {
      "hash": "cdf4bb5b36327932c2eff0e9941a9dd1392f90137eac272ed0082050093d2a4b",
      "size": 1925
    },
    "backend/science/summary.py": {
      "hash": "38c10ff58033499448e5f5149a4ff254db73e6306b646dbb4797781b81f0f325",
      "size": 2726
    },
    "backend/science/run_context.py": {
      "hash": "a6e4a2a40cf0864d777e1504054b5fb120baeaa468683e7a493ea46c6953b0da",
      "size": 2834
    },
    "backend/science/pipeline.py": {
      "hash": "7adcdcd19cb7473d5fbad7214951d65001eb46f773699ae524609a33ddead753",
      "size": 22930
    },
    "backend/science/bn_naming_guard.py": {
      "hash": "4fb78c060e4fd503ef5d939847450d2f439fe85030de7ab940ee1089dd0925e8",
      "size": 3050
    },
    "backend/science/feature_stubs.py": {
      "hash": "e7e961b23adab18952211142a92d55dcfaffd9decc1bebd9764963d47c1baee5",
      "size": 3146
    },
    "backend/science/contracts.py": {
      "hash": "5730ea172bf109b79f1daf74a935e08215d04ef66dabea8de9132cb259d4ddf6",
      "size": 1869
    },
    "backend/science/perception.py": {
      "hash": "b1c282f7b610218885c3286299f6a3c6f14a80107d042724a558b4e5d06d047e",
      "size": 1408
    },
    "backend/science/tag_derivation.py": {
      "hash": "b6139d933ec2c2acf8b0303027a3e817221de365876b541dbd7222448b027fd7",
      "size": 7375
    },
    "backend/science/context/social.py": {
      "hash": "6061f94865c7b9f36309edee4f3670efc932f3995b91a0634668bb49029d5c95",
      "size": 1257
    },
    "backend/science/context/affordance.py": {
      "hash": "50ab8717ed232801c0587871e851daa6b72c17f356c35915da048e27f46d27d5",
      "size": 31945
    },
    "backend/science/context/cognitive.py": {
      "hash": "b0f8cb05f07ec1bd4b0176b922afe5857cb0c120a97361899e40d0578dc077bb",
      "size": 6074
    },
    "backend/science/vision/materials.py": {
      "hash": "a84ec3b3f849a1951673c2df38e2500795a61eb9f623523c407d94f43c1f469e",
      "size": 30764
    },
    "backend/science/vision/__init__.py": {
      "hash": "1150ea8836ac22020d0734a70f9915b74e94759a5ad239b7ce53d29993e7f96f",
      "size": 549
    },
    "backend/science/vision/mask2former.py": {
      "hash": "684dd30ad7fce59d3bf1eb90de19a67217127ba378cff46453a3061e0a9f6824",
      "size": 5044
    },
    "backend/science/vision/clip_material.py": {
      "hash": "94f3539f61c9bd861c29754410b9545cc9afa3cf4b478bf70c8031f003d11325",
      "size": 19903
    },
    "backend/science/vision/room_detection.py": {
      "hash": "bcde7f7a0c831763431ba77e4e1e42a86e45868405ed82168a818fe6cae442af",
      "size": 32108
    },
    "backend/science/vision/segmentation.py": {
      "hash": "12b5c6bfce6d6b9c63435e3b60342d636e23c6ed654a5bc994b7bd658c5653d8",
      "size": 22662
    },
    "backend/science/semantics/arch_parts_vlm.py": {
      "hash": "296f1701573a026fbc27d0736b550102687a8800b413a3784d757d7f9482b8ae",
      "size": 2216
    },
    "backend/science/semantics/building_type_ollama.py": {
      "hash": "46bc01fc02875e4daa33312f011e461cca5eab2e54856df224ca41ad3731b42c",
      "size": 5530
    },
    "backend/science/semantics/arch_patterns_vlm.py": {
      "hash": "f4ee4400ce4a18ce163fef8ea713eca8160455447e2efe84ccb88151871ee1b9",
      "size": 9885
    },
    "backend/science/semantics/semantic_tags_vlm.py": {
      "hash": "e568ae1fd2ce1d5a9ad2b0167c623bdd6df16e75cdac170ada75ea57dee25aa6",
      "size": 8286
    },
    "backend/science/semantics/ontology.py": {
      "hash": "3ad6a9c3d1f0e9993ba2499b6298c255ee80abed01de4a0577e4284a6e65ce64",
      "size": 1271
    },
    "backend/science/math/symmetry.py": {
      "hash": "09e1ab5b2847a645d732cfb727e77db13d41272e5189c0464687204f3b074e38",
      "size": 2328
    },
    "backend/science/math/glcm.py": {
      "hash": "3479f08abb921e2d26d150db7d979993349d8b7a2c046e275d239bbdd29cc327",
      "size": 1706
    },
    "backend/science/math/color.py": {
      "hash": "f762f7e6a4fae7e4cda69a9817e8f34a8f8a933397283c6617880975160ffe0a",
      "size": 2706
    },
    "backend/science/math/spatial_frequency.py": {
      "hash": "7fa83b5e5b4d9c7b5ed5c026bc9efc17d5964683763fcff5fa3919c54c4df42a",
      "size": 2220
    },
    "backend/science/math/complexity.py": {
      "hash": "dc2fbd7ae52f27185b0692c028fdcf17e0381d359341c69648e27143710d75ee",
      "size": 2672
    },
    "backend/science/math/fluency.py": {
      "hash": "9c4c80afd436fd51f5c6d9d3a1dc837cf34b67a8828854fa4fbcc255aba54c9c",
      "size": 1937
    },
    "backend/science/math/regional_frequency.py": {
      "hash": "e688b8d920083e88fe98d89b9d1b24863d5ffd1d561a8f536114103c9b691719",
      "size": 3068
    },
    "backend/science/math/fractals.py": {
      "hash": "bf3055e74afeca6aee632441824b0da08f123197e29b8df6b6dc97bbcf508295",
      "size": 1814
    },
    "backend/science/math/naturalness.py": {
      "hash": "463771caab33af0bc14f5c5568dcf81d3a200a9cc7a508fa66cedb2874f85e0b",
      "size": 2896
    },
    "backend/science/spatial/isovist_25d.py": {
      "hash": "234a458dcb239057a850a71591511543e94d413b0cedda49c29b6b5c21391c15",
      "size": 1732
    },
    "backend/science/spatial/depth.py": {
      "hash": "d5e2ddf4df29110ce34883fbcb0b2b4303e74260da6335880d67c1fbfb2e271d",
      "size": 11490
    },
    "backend/science/spatial/depth_plugin.py": {
      "hash": "6e9b0479c34df25ca45501da3fcb9b6e97901e32bb30d8a404612c0e0643d978",
      "size": 1280
    },
    "backend/science/spatial/isovist.py": {
      "hash": "e6c5680ddf2ebe51ee36380d83fe3a6b7041cac669b448b49aa1ecee4141b189",
      "size": 1871
    },
    "backend/science/data/affordance_models/affordance_definitions.json": {
      "hash": "0fe26e273f71d2efd156d58e145402bfa408c22bb67af2146145e0c86eea292b",
      "size": 20085
    },
    "backend/science/data/affordance_models/feature_columns.json": {
      "hash": "81493754b3af2e4c06ec94bb453aadaa50341da5d231d585e75860a9b99b222f",
      "size": 6832
    },
    "backend/science/data/affordance_models/training_summary.json": {
      "hash": "3076befce919b604f37c6cd2120b757cd56f57b27a270234d914ee4c976274f9",
      "size": 942
    },
    "backend/science/data/affordance_models/indicator_vocabulary.json": {
      "hash": "4d0c8184cf1925ab3ff6c5b8784961d7a749be5028b92c8850d0b959827a69a8",
      "size": 690806
    },
    "backend/science/data/affordance_models/L130/lgbm_model.pkl": {
      "hash": "b4d6795e227ea182f2b69dc05de5c2ddb7c5ae3432aa78152595b9dec01bd092",
      "size": 523524
    },
    "backend/science/data/affordance_models/L130/lgbm_indicators_model.pkl": {
      "hash": "afa0a93028abb1750992a9c526c62cbe67d767b3054466555da1bfc30da4ad3b",
      "size": 215457
    },
    "backend/science/data/affordance_models/L130/test_metrics.json": {
      "hash": "b9e5f36b7981f0e3a0dc03ca8634bea635024e4fdee84f3852fd09d59f36232e",
      "size": 86
    },
    "backend/science/data/affordance_models/L130/best_params.json": {
      "hash": "59fba003c169a56a7a4ffe60fd42aa44d614e0663f1d39b6dce08a4dba4f2484",
      "size": 340
    },
    "backend/science/data/affordance_models/L059/lgbm_model.pkl": {
      "hash": "76831b2cc7e36a8c718de75fd65f2ed346300699339365f075466a85d70be562",
      "size": 267175
    },
    "backend/science/data/affordance_models/L059/lgbm_indicators_model.pkl": {
      "hash": "8c3dd758ef5ca6dfadc31db0ae80d7a751de11e1671c46ecd9e402cd10247d94",
      "size": 440335
    },
    "backend/science/data/affordance_models/L059/test_metrics.json": {
      "hash": "0219f039c7d404e6fc021bee214487772cc77630005c6ef33f7a48ba134233fc",
      "size": 85
    },
    "backend/science/data/affordance_models/L059/best_params.json": {
      "hash": "597a93fa4e292d2c2f1e1f846e885ef367507269f6558e4e192c3e65787680e9",
      "size": 340
    },
    "backend/science/data/affordance_models/L141/lgbm_model.pkl": {
      "hash": "2b838ef8588ef5bd98de146e7bdc5c80a7d0937e6b63d37a9424f41a12b75192",
      "size": 301702
    },
    "backend/science/data/affordance_models/L141/lgbm_indicators_model.pkl": {
      "hash": "aad452398edaba05ff4a3b8f8608f7a9c26b6063357bfd6aac363c97fbeb703e",
      "size": 282581
    },
    "backend/science/data/affordance_models/L141/test_metrics.json": {
      "hash": "5c74d6bc9e9acdb8d7717c8bb6a08a5a362facca47ab22527e54e58575c4f7ab",
      "size": 86
    },
    "backend/science/data/affordance_models/L141/best_params.json": {
      "hash": "c607786698a807d698b9f9c03d90035091b8902f24676b13da2aa04d68647f6a",
      "size": 343
    },
    "backend/science/data/affordance_models/L079/lgbm_model.pkl": {
      "hash": "edd9e22d6098cb200454128b5de750a59299c82d306a26ac8af9e8ff93e9a1ce",
      "size": 494992
    },
    "backend/science/data/affordance_models/L079/lgbm_indicators_model.pkl": {
      "hash": "e21456dd30834736a5cd61379a63fad0a4fc158201587870e8c44c1c94eae285",
      "size": 144358
    },
    "backend/science/data/affordance_models/L079/test_metrics.json": {
      "hash": "6cdc37ea8e3ce472ec500745fac712c8c3f82790828fc6f63ac52945a181584a",
      "size": 86
    },
    "backend/science/data/affordance_models/L079/best_params.json": {
      "hash": "bb629e8f9ceff3b3b44ebc9fd7f0fbd4e635585f0c2a606af21554b5bcea5a2b",
      "size": 339
    },
    "backend/science/data/affordance_models/L091/lgbm_model.pkl": {
      "hash": "9f5575fec8cb2c90d88e2b14477d82772f7dffc9e43808ebf42629a1d4ed5b35",
      "size": 171232
    },
    "backend/science/data/affordance_models/L091/lgbm_indicators_model.pkl": {
      "hash": "2268195d4b3e4379bb1ec16b309f7edbfe372b00d063441df747ffae53865e6f",
      "size": 251443
    },
    "backend/science/data/affordance_models/L091/test_metrics.json": {
      "hash": "d4909046999ee59a3f43940f5f185f5f18ae874302b85a9b3ec3c4b9f4573eb1",
      "size": 87
    },
    "backend/science/data/affordance_models/L091/best_params.json": {
      "hash": "18f9da59e739d585c9f061c439720875b448bde0ac54a20118a44aaaffe378a0",
      "size": 339
    },
    "backend/models/science_runs.py": {
      "hash": "fbe1a64fc36dd153fe97d0c829d6cf39d0cc0a088c2eee3a1905786dacf29878",
      "size": 5593
    },
    "backend/models/annotation.py": {
      "hash": "bff521bb8a5a384cd931571a51c77192ef622011ada7298fb3259bd8c04f7352",
      "size": 2451
    },
    "backend/models/attribute.py": {
      "hash": "2a1a6f45f126faa175a92c8474ba4db5747d4d2ebcbd8c321619b7167beb3c07",
      "size": 1298
    },
    "backend/models/config.py": {
      "hash": "9855095a98fc4c733ed27acfd4401dcf545f3bd19ea1523f0da8b710ec6b4160",
      "size": 1252
    },
    "backend/models/users.py": {
      "hash": "a0e1d5911597b2a18d5711d397c58253d26ed582f169e1516b34be26f6a813a4",
      "size": 1192
    },
    "backend/models/__init__.py": {
      "hash": "4f8e8f5339df34a305e1d2ec7f79c9e1e871a99c15532df487ad7a02fcc8b719",
      "size": 931
    },
    "backend/models/jobs.py": {
      "hash": "263fed45c253481bc5261d56798d39635ef26ffa46e0ab80f2404d965108d058",
      "size": 2198
    },
    "backend/models/assets.py": {
      "hash": "465e4b97421db0b5ff496048648b7d4889637e02bc3f945938fe86b5e980844e",
      "size": 1971
    },
    "backend/models/usage.py": {
      "hash": "2731efaeb0d8fd50f2b53605dfd46b72c383b1b1ee638471878c957b280fbdda",
      "size": 1152
    },
    "backend/api/v1_bn_export.py": {
      "hash": "eafb69356b9ea7117b5717e407215c79425aa8203dac4a81ddea0132bb85df58",
      "size": 10628
    },
    "backend/api/v1_discovery.py": {
      "hash": "421dbd4ff44c13d4c14d5390363cf74397492b235f96f96195ef83dcdda86425",
      "size": 27752
    },
    "backend/api/__init__.py": {
      "hash": "95ca21760c0e54aaa779f58966f119a05048a633940bceec4142881eaebf111b",
      "size": 21
    },
    "backend/api/v1_annotation.py": {
      "hash": "2bdf7707467b974d277cecdcec5ff1af18b2c783334953d98047a0211108c7c8",
      "size": 2437
    },
    "backend/api/v1_supervision.py": {
      "hash": "41353781169394131f76ec57a207bdceda3310c4666c9ca13bcc3ee64dce5d4e",
      "size": 15871
    },
    "backend/api/v1_features.py": {
      "hash": "686e64f1996b339bc8d9409eb21f40090605992a57a1d56eae507ecc681dd345",
      "size": 2480
    },
    "backend/api/v1_admin.py": {
      "hash": "adaa0ac8ef0c31ef28435691082fe93af9d20e93c308ca611489f65c637a2291",
      "size": 21422
    },
    "backend/api/v1_debug.py": {
      "hash": "95d5647895aa461ddf098ed154f49016f44b35334e3a05516cee720ff3d517f8",
      "size": 51441
    },
    "backend/api/v1_vlm_health.py": {
      "hash": "ee5cf15d938e67c64c09acb24fe8092d77f767407d33820774e4297b4e1efe19",
      "size": 4192
    },
    "backend/services/science_runs.py": {
      "hash": "a47d0b35360807cea1cd3e63622e006af5921f997996eec0d41d6375b0856ba2",
      "size": 12141
    },
    "backend/services/auth.py": {
      "hash": "18f17a81a0d01460fa826158737e5648fc2c98d4918bd76d0be4ec86c80a9690",
      "size": 7166
    },
    "backend/services/annotation.py": {
      "hash": "180d8de142fe7dd0e8881be50548b5923d318a16e8afa96194f0f5203fec43c3",
      "size": 3126
    },
    "backend/services/query_builder.py": {
      "hash": "b25cf5dbc9bbeda45d3342d82f1961bbdf979e85c0040c6dc3db18ec15f29ca1",
      "size": 3153
    },
    "backend/services/__init__.py": {
      "hash": "76320b84ed0189a0c9d4258ea647a40ac8bb7d2e50212c70c1fc9c8ccb27dec7",
      "size": 26
    },
    "backend/services/vlm.py": {
      "hash": "7dc62819506c5b2c956fd14fed5e8906a925b8253515fedc170831c82203196c",
      "size": 16589
    },
    "backend/services/storage.py": {
      "hash": "5d0905bba36ab09526affc53e7f8810375393b69f68235bb354317cfc52046d8",
      "size": 2804
    },
    "backend/services/costs.py": {
      "hash": "a874cae7be4a39128b17f055d38a1c3216c14f95e3faa373e5a46a599a2691ac",
      "size": 1995
    },
    "backend/services/upload_jobs.py": {
      "hash": "2386bac247960933e6b2eae686076f25ca6a8614457a38478ba244c76595f20c",
      "size": 4742
    },
    "backend/services/training_export.py": {
      "hash": "f35a15147a20f273ee6635dd6c32f3d4a2af10a96aa3d7489b07099c0826df38",
      "size": 1578
    },
    "scripts/smoke_frontend.py": {
      "hash": "3d73db44e4961a1c2da427dc5dbf5a6aa37360d44930f7447b20d88dddadf4b7",
      "size": 2926
    },
    "scripts/run_upload_job.py": {
      "hash": "ab6281dd7bbc205e6bf58c850baf1dd716d86f60aeb0f570811d5b35fc8c932b",
      "size": 1014
    },
    "scripts/run_science_on_sample.py": {
      "hash": "7b4d84a75a41a62ae877f9177d63b5b551b232796a0de31f3155951618dfa439",
      "size": 1245
    },
    "scripts/export_bn_glossary.py": {
      "hash": "15dbf19bbf0cf467fb532034a99944b659083558d763a45b2e71188f96f95bee",
      "size": 1113
    },
    "scripts/smoke_science.py": {
      "hash": "efd37f82d6192ec62447c2c98f4d769f223ff4adac66229df5ca564fa5b4253e",
      "size": 2560
    },
    "scripts/__init__.py": {
      "hash": "e07fd52d7daa1c57a0b1a852e43b7cc57776d2a5a27a1ebe791e76ffa656b169",
      "size": 42
    },
    "scripts/program_integrity_guard.py": {
      "hash": "294c9ace4ac61c3b7bb299b14776679bf927aca4f336ff4ea75b1c4bcea8b0f1",
      "size": 2912
    },
    "scripts/smoke_api.py": {
      "hash": "251df770f5519adb642671231969174e085d639fb6062ce5677030e98dae98cd",
      "size": 1370
    },
    "scripts/hollow_repo_guard.py": {
      "hash": "1eed40f00d67a6b2986cdae13d745e8852f7a3b9571b85cfa2be360e413b33f0",
      "size": 2124
    },
    "scripts/bn_merge_cog_affect_priors.py": {
      "hash": "613977d6c6668ffc0c56dd9d7b910703a15e6ae0079c476f1084b3f97b60d234",
      "size": 1723
    },
    "scripts/audit_vlm_variance.py": {
      "hash": "f69b299938b71a94d66eb2b2e871db392aa03fbe11006cee265a70e661c96444",
      "size": 8608
    },
    "scripts/guardian.py": {
      "hash": "981d733a098c8ed2ea9cf041a2d5a24c892418ce0286f156bb22615167ffbabc",
      "size": 10866
    },
    "scripts/bn_add_cog_affect_bins.py": {
      "hash": "ae38d8893eac6749feeca352a2ff28e3821475f4f03b7b091af7e5604aa58e40",
      "size": 2166
    },
    "scripts/critical_import_guard.py": {
      "hash": "5bbca04163d99e214278d3914e4736716a3b16fce1332d11ad1785e82014ca34",
      "size": 1775
    },
    "scripts/export_bn_ready_dataset.py": {
      "hash": "5647ec09d57fe9a374752052a23312f6119af54594ea691615163d852eac4975",
      "size": 1210
    },
    "scripts/generate_tag_coverage.py": {
      "hash": "b25ae30c62e5292b6c4ebcd75830d44b10ae764d1e585719d605e6c5a44185a5",
      "size": 10780
    },
    "scripts/canon_guard.py": {
      "hash": "7d727d8a5eef41c11449d90f95139c330122d0a2e8f6033cc050e6eb4749eadd",
      "size": 3417
    },
    "scripts/science_harness.py": {
      "hash": "e9c78dc56150f723ff2146fbcf1b3388f93908c705839a2dac59b8ff1fc1b2e5",
      "size": 3194
    },
    "scripts/import_harness.py": {
      "hash": "f7f9067bc793946e7ad380e0b8cb3a2cd2ef6844e82897e0c572ba4a3f343c74",
      "size": 871
    },
    "scripts/syntax_guard.py": {
      "hash": "4c4bfbdfffb54107ae2d3f6b78dda15e459c55ca28c84f151e7316053f0858d9",
      "size": 3036
    },
    "scripts/vlm_turing_test_prep.py": {
      "hash": "8216950453e8ae51f9438712316477ae62778b29b98f9425e8969e7b9d910bdc",
      "size": 6219
    },
    "scripts/vlm_turing_test_score.py": {
      "hash": "edd201cb50e41ab8b9b7ea7a3874ddbfffd03846e055af4ba145cc23141591fd",
      "size": 4943
    },
    "scripts/check_no_pycache_in_tree.py": {
      "hash": "b3a222123e82b155fa3a036ccb8072e9024c3bd26781d5ea0c2a0cb7811cfe27",
      "size": 791
    },
    "frontend/shared/package.json": {
      "hash": "1abc19e430f91e7349eec034e8034f237466befa44bfb53b345049ed24d7f142",
      "size": 104
    },
    "frontend/shared/src/index.js": {
      "hash": "5899a76aa2d3c20449311641e8f833c80ed384e39f66fc1050877c0413d68b23",
      "size": 313
    },
    "frontend/shared/src/api-client.js": {
      "hash": "90ba5e8a9e38b2697e0e43d5d529e9ff9c9c25ad1674504fdeee0bd6baa42b63",
      "size": 2800
    },
    "frontend/shared/src/components/Header.jsx": {
      "hash": "63cc0a782cbbb773496002c1fe1bc3533cff032997e8c3519cee90ee48a481c2",
      "size": 1098
    },
    "frontend/shared/src/components/MaintenanceOverlay.jsx": {
      "hash": "186a13877f41aa006b22fd7f69d09272759b80144deee18c4cc26d40a77c6de7",
      "size": 3505
    },
    "frontend/shared/src/components/Toast.jsx": {
      "hash": "ea0ff3dabcafd326e2331d4fc4963cc25d3b7c4666e8ea084cc25d95b8e1924a",
      "size": 2807
    },
    "frontend/shared/src/components/Toggle.jsx": {
      "hash": "e17f14b2459845cefe4344f7e8504ee3b33f710453b4ab6850390c1f13cadc32",
      "size": 1034
    },
    "frontend/shared/src/components/Button.jsx": {
      "hash": "f1e9d6a82030b5d9d37bd76c9c69ff0b3bccd84f63feb2f7dea6b0174043a9f0",
      "size": 836
    },
    "frontend/apps/monitor/index.html": {
      "hash": "32395ae9780efe876b0c1fd7bcf583bbe8b6a98e3ab3f30c30c23edf135b3c10",
      "size": 343
    },
    "frontend/apps/monitor/tailwind.config.js": {
      "hash": "8fa3afea206075d787494712f898c7329151871cde173a75bd8cb5c548d7983c",
      "size": 364
    },
    "frontend/apps/monitor/vite.config.js": {
      "hash": "a6389be299f08218b06ab249c9b9c3ebd8d022214503f963890fb36ea6e17ac7",
      "size": 269
    },
    "frontend/apps/monitor/package.json": {
      "hash": "79ccdfecb5f3b574f4a46faf9edfb5a0c69f81b9a09aa08460d4b4e5ad45af85",
      "size": 149
    },
    "frontend/apps/monitor/postcss.config.js": {
      "hash": "190c877db466995bf1482f4a16abd06e04a89ede3119341e2a86ff96e1737b27",
      "size": 80
    },
    "frontend/apps/monitor/src/main.jsx": {
      "hash": "aecd7f4a801b7e5bd868bb7e49db59f18609f03847caf826c5f14548ff6ed2c2",
      "size": 373
    },
    "frontend/apps/monitor/src/App.jsx": {
      "hash": "43b452c6752e0ceee093be61664abcb58a5fde99c9ad3395c56df6a28483d2ba",
      "size": 39980
    },
    "frontend/apps/admin/index.html": {
      "hash": "37620e963b95668174bc0af8fa959f0ce906c329b1a20a7d33bbf931f4ccb8ff",
      "size": 337
    },
    "frontend/apps/admin/tailwind.config.js": {
      "hash": "8fa3afea206075d787494712f898c7329151871cde173a75bd8cb5c548d7983c",
      "size": 364
    },
    "frontend/apps/admin/vite.config.js": {
      "hash": "a6389be299f08218b06ab249c9b9c3ebd8d022214503f963890fb36ea6e17ac7",
      "size": 269
    },
    "frontend/apps/admin/package.json": {
      "hash": "13db837fbb95386f00424858c8c020d3f35b6fa091cfe6fd2ce0e99e52f902cf",
      "size": 147
    },
    "frontend/apps/admin/postcss.config.js": {
      "hash": "190c877db466995bf1482f4a16abd06e04a89ede3119341e2a86ff96e1737b27",
      "size": 80
    },
    "frontend/apps/admin/public/feature_navigator.html": {
      "hash": "34e053df7aa74954b21abd14ebc5cbf4d41fac41f373933dec1a436657bc7caf",
      "size": 38447
    },
    "frontend/apps/admin/public/feature_onboarding.html": {
      "hash": "2531b0e0427affe6ebdc5d5d5ebad87ada036492c9d90b96e20f8032f580ab72",
      "size": 2717
    },
    "frontend/apps/admin/src/main.jsx": {
      "hash": "aecd7f4a801b7e5bd868bb7e49db59f18609f03847caf826c5f14548ff6ed2c2",
      "size": 373
    },
    "frontend/apps/admin/src/App.jsx": {
      "hash": "46d81de0a08211bac1fd5465ba1b6dc83924580484f3787ef5f8bb1361880442",
      "size": 47210
    },
    "frontend/apps/explorer/index.html": {
      "hash": "12db1e86c2b229a0e0ca1f3a39351867e624f738b444d02ab5a9211de041cc4c",
      "size": 354
    },
    "frontend/apps/explorer/tailwind.config.js": {
      "hash": "8fa3afea206075d787494712f898c7329151871cde173a75bd8cb5c548d7983c",
      "size": 364
    },
    "frontend/apps/explorer/vite.config.js": {
      "hash": "a6389be299f08218b06ab249c9b9c3ebd8d022214503f963890fb36ea6e17ac7",
      "size": 269
    },
    "frontend/apps/explorer/package.json": {
      "hash": "2f3a0b177e481b7f203fdaf9649fac27e84dda76c5de0fcb0e4fbc5a6e89bcc3",
      "size": 150
    },
    "frontend/apps/explorer/postcss.config.js": {
      "hash": "190c877db466995bf1482f4a16abd06e04a89ede3119341e2a86ff96e1737b27",
      "size": 80
    },
    "frontend/apps/explorer/src/ImageDetailModal.jsx": {
      "hash": "9fa25b2366b373ffd7bceb70e6ea6bbe2b1be5e90028b2e46e867d8f0f0caa46",
      "size": 45022
    },
    "frontend/apps/explorer/src/main.jsx": {
      "hash": "aecd7f4a801b7e5bd868bb7e49db59f18609f03847caf826c5f14548ff6ed2c2",
      "size": 373
    },
    "frontend/apps/explorer/src/App.jsx": {
      "hash": "0bcd9afea646b50bb6d2efab92dbf233bcfa63cc79e04a4e3ba9f91def430186",
      "size": 37765
    },
    "frontend/apps/workbench/index.html": {
      "hash": "fe20d9404f85762c1cfe70d0fac4f317a6f6e5ddcf0283700ab7b5b534f721c7",
      "size": 358
    },
    "frontend/apps/workbench/tailwind.config.js": {
      "hash": "8fa3afea206075d787494712f898c7329151871cde173a75bd8cb5c548d7983c",
      "size": 364
    },
    "frontend/apps/workbench/vite.config.js": {
      "hash": "a6389be299f08218b06ab249c9b9c3ebd8d022214503f963890fb36ea6e17ac7",
      "size": 269
    },
    "frontend/apps/workbench/package.json": {
      "hash": "ead96376fd9cc3511266c0d7b2bf9435a4f011fff2c79a05236e37f13d0871a5",
      "size": 151
    },
    "frontend/apps/workbench/postcss.config.js": {
      "hash": "190c877db466995bf1482f4a16abd06e04a89ede3119341e2a86ff96e1737b27",
      "size": 80
    },
    "frontend/apps/workbench/src/main.jsx": {
      "hash": "aecd7f4a801b7e5bd868bb7e49db59f18609f03847caf826c5f14548ff6ed2c2",
      "size": 373
    },
    "frontend/apps/workbench/src/App.jsx": {
      "hash": "974384ebc457eed2c9d2f44f254d4915f890409c4b7ae936ebf9fd51340a2040",
      "size": 12298
    }
  },
  "critical_files": [
    "backend/main.py",
    "backend/services/vlm.py",
    "backend/models/config.py",
    "backend/database/core.py",
    "backend/models/annotation.py",
    "backend/api/v1_annotation.py",
    "backend/science/pipeline.py",
    "deploy/docker-compose.yml",
    "deploy/nginx.conf",
    "deploy/Dockerfile.backend",
    "scripts/guardian.py",
    "v3_governance.yml",
    "README.md",
    "docs/ARCHITECTURE.md",
    "docs/CONTRACT.md",
    "install.sh",
    "backend/api/v1_admin.py",
    "backend/api/v1_supervision.py",
    "backend/api/v1_discovery.py",
    "backend/schemas/supervision.py",
    "scripts/smoke_api.py",
    "scripts/smoke_science.py",
    "tests/test_v3_api.py"
  ],
  "constraints": {
    "min_file_size_bytes": 20,
    "prevent_new_root_files": true,
    "enforce_science_tag_coverage": true,
    "check_bn_db_health": false
  },
  "root_files": [
    ".env.example",
    ".gitignore",
    "CANONICAL_ANCHOR.json",
    "Makefile",
    "README.md",
    "VERSION",
    "auto_install.sh",
    "deconcat.py",
    "governance.lock",
    "install.sh",
    "pyproject.toml",
    "release.keep.yml",
    "requirements-install.txt",
    "requirements.txt",
    "science_tag_coverage_v1.json",
    "v3_governance.yml"
  ]
}