{
  "policy_version": "3.0.0",
  "protected_files": {
    "backend/database/mixins.py": {
      "hash": "8a64be69c949be93a7464568c0608efda52842b92164c1d9658d0aea8ee9eac3",
      "size": 616
    },
    "backend/database/__init__.py": {
      "hash": "3877da7309c607610b45642fe229888c07a5eba568084c9bf96fbb387605a2b0",
      "size": 26
    },
    "backend/database/core.py": {
      "hash": "70b3943d0046c47831652d243e62c5dd71b9b15ae89384598648ee52f6bc11eb",
      "size": 1061
    },
    "backend/science/features_registry.py": {
      "hash": "e5582362affe751c16d3564ad226a38bbdc493aceb903aba45c5c80b1cf7b7ea",
      "size": 2870
    },
    "backend/science/vision.py": {
      "hash": "6c855f208c009e29861b282144314ffe57da754dc4c1aa8d0bf849a1f43d2d48",
      "size": 2253
    },
    "backend/science/index_catalog.py": {
      "hash": "d7dd66f844c857e0c2e366bb7e5edf598fd3d3f7f98952996e489ae59df4ff58",
      "size": 1372
    },
    "backend/science/features_canonical.jsonl": {
      "hash": "8956943640c4fcbe2036929e7c99357b5099c6da2723bd662a71335ed1931d7f",
      "size": 62936
    },
    "backend/science/__init__.py": {
      "hash": "f0be820d4df5b438267d41177779831df166bc8bb5581297b6eaaceb36c4835d",
      "size": 25
    },
    "backend/science/core.py": {
      "hash": "ded1003c444f38150ef818dfc3715791b35c2eef2dbc5430982eefed4550c4ff",
      "size": 1821
    },
    "backend/science/summary.py": {
      "hash": "38c10ff58033499448e5f5149a4ff254db73e6306b646dbb4797781b81f0f325",
      "size": 2726
    },
    "backend/science/pipeline.py": {
      "hash": "94dd64ab4885a8baa468bad0e8e8594a79003fef567250d22a37771cac669081",
      "size": 4664
    },
    "backend/science/bn_naming_guard.py": {
      "hash": "4fb78c060e4fd503ef5d939847450d2f439fe85030de7ab940ee1089dd0925e8",
      "size": 3050
    },
    "backend/science/feature_stubs.py": {
      "hash": "e7e961b23adab18952211142a92d55dcfaffd9decc1bebd9764963d47c1baee5",
      "size": 3146
    },
    "backend/science/contracts.py": {
      "hash": "5730ea172bf109b79f1daf74a935e08215d04ef66dabea8de9132cb259d4ddf6",
      "size": 1869
    },
    "backend/science/perception.py": {
      "hash": "b1c282f7b610218885c3286299f6a3c6f14a80107d042724a558b4e5d06d047e",
      "size": 1408
    },
    "backend/science/context/social.py": {
      "hash": "6061f94865c7b9f36309edee4f3670efc932f3995b91a0634668bb49029d5c95",
      "size": 1257
    },
    "backend/science/context/cognitive.py": {
      "hash": "b0f8cb05f07ec1bd4b0176b922afe5857cb0c120a97361899e40d0578dc077bb",
      "size": 6074
    },
    "backend/science/vision/materials.py": {
      "hash": "759189e40551efa5fc9187222b6259b006dba92f7dbe29b557ca09a2e3d318a9",
      "size": 7260
    },
    "backend/science/vision/objects.py": {
      "hash": "f75b41bdbe5fc03d8787f338c1f93e5f366f968971cb78d6a9801fe97d36864f",
      "size": 1764
    },
    "backend/science/__pycache__/feature_stubs.cpython-312.pyc": {
      "hash": "1f65dc8893d9a1a58cb14113f9c800031061f11d24ee9d22ef0a7055517f366a",
      "size": 3072
    },
    "backend/science/__pycache__/pipeline.cpython-312.pyc": {
      "hash": "593d18efc804afc03d7626c12a7e643136cd62602b0f50b9fdb832d03e80c4fa",
      "size": 6732
    },
    "backend/science/__pycache__/__init__.cpython-312.pyc": {
      "hash": "110295fdada4177da0969660c886304ebe7d2a65ce7c6bdaa11617167faa8d89",
      "size": 236
    },
    "backend/science/semantics/arch_parts_vlm.py": {
      "hash": "296f1701573a026fbc27d0736b550102687a8800b413a3784d757d7f9482b8ae",
      "size": 2216
    },
    "backend/science/semantics/arch_patterns_vlm.py": {
      "hash": "f4ee4400ce4a18ce163fef8ea713eca8160455447e2efe84ccb88151871ee1b9",
      "size": 9885
    },
    "backend/science/semantics/semantic_tags_vlm.py": {
      "hash": "e568ae1fd2ce1d5a9ad2b0167c623bdd6df16e75cdac170ada75ea57dee25aa6",
      "size": 8286
    },
    "backend/science/semantics/ontology.py": {
      "hash": "3ad6a9c3d1f0e9993ba2499b6298c255ee80abed01de4a0577e4284a6e65ce64",
      "size": 1271
    },
    "backend/science/math/symmetry.py": {
      "hash": "09e1ab5b2847a645d732cfb727e77db13d41272e5189c0464687204f3b074e38",
      "size": 2328
    },
    "backend/science/math/glcm.py": {
      "hash": "3148b2405fb18e488ff8c3982cd35b932f32f3594358d3437a58fa951ad3867f",
      "size": 1565
    },
    "backend/science/math/color.py": {
      "hash": "f762f7e6a4fae7e4cda69a9817e8f34a8f8a933397283c6617880975160ffe0a",
      "size": 2706
    },
    "backend/science/math/spatial_frequency.py": {
      "hash": "7fa83b5e5b4d9c7b5ed5c026bc9efc17d5964683763fcff5fa3919c54c4df42a",
      "size": 2220
    },
    "backend/science/math/complexity.py": {
      "hash": "dc2fbd7ae52f27185b0692c028fdcf17e0381d359341c69648e27143710d75ee",
      "size": 2672
    },
    "backend/science/math/fluency.py": {
      "hash": "9c4c80afd436fd51f5c6d9d3a1dc837cf34b67a8828854fa4fbcc255aba54c9c",
      "size": 1937
    },
    "backend/science/math/regional_frequency.py": {
      "hash": "e688b8d920083e88fe98d89b9d1b24863d5ffd1d561a8f536114103c9b691719",
      "size": 3068
    },
    "backend/science/math/fractals.py": {
      "hash": "bf3055e74afeca6aee632441824b0da08f123197e29b8df6b6dc97bbcf508295",
      "size": 1814
    },
    "backend/science/math/naturalness.py": {
      "hash": "3f82aae65d7599f4c3c64d5e620235412916fd7b14b3f244b1c545a42c9df974",
      "size": 2891
    },
    "backend/science/spatial/isovist_25d.py": {
      "hash": "234a458dcb239057a850a71591511543e94d413b0cedda49c29b6b5c21391c15",
      "size": 1732
    },
    "backend/science/spatial/depth.py": {
      "hash": "d5e2ddf4df29110ce34883fbcb0b2b4303e74260da6335880d67c1fbfb2e271d",
      "size": 11490
    },
    "backend/science/spatial/depth_plugin.py": {
      "hash": "6e9b0479c34df25ca45501da3fcb9b6e97901e32bb30d8a404612c0e0643d978",
      "size": 1280
    },
    "backend/science/spatial/isovist.py": {
      "hash": "e6c5680ddf2ebe51ee36380d83fe3a6b7041cac669b448b49aa1ecee4141b189",
      "size": 1871
    },
    "backend/models/annotation.py": {
      "hash": "bff521bb8a5a384cd931571a51c77192ef622011ada7298fb3259bd8c04f7352",
      "size": 2451
    },
    "backend/models/attribute.py": {
      "hash": "2a1a6f45f126faa175a92c8474ba4db5747d4d2ebcbd8c321619b7167beb3c07",
      "size": 1298
    },
    "backend/models/config.py": {
      "hash": "9855095a98fc4c733ed27acfd4401dcf545f3bd19ea1523f0da8b710ec6b4160",
      "size": 1252
    },
    "backend/models/users.py": {
      "hash": "a0e1d5911597b2a18d5711d397c58253d26ed582f169e1516b34be26f6a813a4",
      "size": 1192
    },
    "backend/models/__init__.py": {
      "hash": "a86eddb98c73d8157df573d0293516136752a5fec8401e01ff0fc5d313b0328d",
      "size": 760
    },
    "backend/models/jobs.py": {
      "hash": "263fed45c253481bc5261d56798d39635ef26ffa46e0ab80f2404d965108d058",
      "size": 2198
    },
    "backend/models/assets.py": {
      "hash": "465e4b97421db0b5ff496048648b7d4889637e02bc3f945938fe86b5e980844e",
      "size": 1971
    },
    "backend/models/usage.py": {
      "hash": "2731efaeb0d8fd50f2b53605dfd46b72c383b1b1ee638471878c957b280fbdda",
      "size": 1152
    },
    "backend/api/v1_bn_export.py": {
      "hash": "eafb69356b9ea7117b5717e407215c79425aa8203dac4a81ddea0132bb85df58",
      "size": 10628
    },
    "backend/api/v1_discovery.py": {
      "hash": "110bf1293a4fc42cdaf2dd5e7f1ab2b32d621507353ca0e8706ab66656b61607",
      "size": 4603
    },
    "backend/api/__init__.py": {
      "hash": "95ca21760c0e54aaa779f58966f119a05048a633940bceec4142881eaebf111b",
      "size": 21
    },
    "backend/api/v1_annotation.py": {
      "hash": "2bdf7707467b974d277cecdcec5ff1af18b2c783334953d98047a0211108c7c8",
      "size": 2437
    },
    "backend/api/v1_supervision.py": {
      "hash": "07f514add81533f497bbf9f0c1d32765df91cd7a9290f7892e61da4cf7034183",
      "size": 16141
    },
    "backend/api/v1_features.py": {
      "hash": "686e64f1996b339bc8d9409eb21f40090605992a57a1d56eae507ecc681dd345",
      "size": 2480
    },
    "backend/api/v1_admin.py": {
      "hash": "8c838d7a6eee63a0e83cb82bc9255db0d2795dec4f0d5eb8597c769a12b26755",
      "size": 18291
    },
    "backend/api/v1_debug.py": {
      "hash": "85f084f0c3c8f534330ad99b0032e217f48561a7247ac9c2e49ced8bcefae7e7",
      "size": 11510
    },
    "backend/api/v1_vlm_health.py": {
      "hash": "ee5cf15d938e67c64c09acb24fe8092d77f767407d33820774e4297b4e1efe19",
      "size": 4192
    },
    "backend/services/auth.py": {
      "hash": "8096183830c7672bf7a48072cd130991f37babefaa4bca44e5391a3ef2dfbb10",
      "size": 2423
    },
    "backend/services/annotation.py": {
      "hash": "8e1ba99d70598476d62db1e82e8af6b6ee16eb35e477838e0e49e4654e3f5440",
      "size": 2739
    },
    "backend/services/query_builder.py": {
      "hash": "b25cf5dbc9bbeda45d3342d82f1961bbdf979e85c0040c6dc3db18ec15f29ca1",
      "size": 3153
    },
    "backend/services/__init__.py": {
      "hash": "76320b84ed0189a0c9d4258ea647a40ac8bb7d2e50212c70c1fc9c8ccb27dec7",
      "size": 26
    },
    "backend/services/vlm.py": {
      "hash": "f844d2ba96d55d0d2ebb1e1882bf36ace138dc7ba5f7c15d5d714e6f65f79e3d",
      "size": 16589
    },
    "backend/services/storage.py": {
      "hash": "5d0905bba36ab09526affc53e7f8810375393b69f68235bb354317cfc52046d8",
      "size": 2804
    },
    "backend/services/costs.py": {
      "hash": "a874cae7be4a39128b17f055d38a1c3216c14f95e3faa373e5a46a599a2691ac",
      "size": 1995
    },
    "backend/services/upload_jobs.py": {
      "hash": "702e5d67de595455a1f472b57b1476c860df6ebdddf921bc01daf9f1ed01c833",
      "size": 4361
    },
    "backend/services/training_export.py": {
      "hash": "f35a15147a20f273ee6635dd6c32f3d4a2af10a96aa3d7489b07099c0826df38",
      "size": 1578
    },
    "scripts/smoke_frontend.py": {
      "hash": "3d73db44e4961a1c2da427dc5dbf5a6aa37360d44930f7447b20d88dddadf4b7",
      "size": 2926
    },
    "scripts/run_upload_job.py": {
      "hash": "ab6281dd7bbc205e6bf58c850baf1dd716d86f60aeb0f570811d5b35fc8c932b",
      "size": 1014
    },
    "scripts/run_science_on_sample.py": {
      "hash": "7b4d84a75a41a62ae877f9177d63b5b551b232796a0de31f3155951618dfa439",
      "size": 1245
    },
    "scripts/export_bn_glossary.py": {
      "hash": "15dbf19bbf0cf467fb532034a99944b659083558d763a45b2e71188f96f95bee",
      "size": 1113
    },
    "scripts/smoke_science.py": {
      "hash": "efd37f82d6192ec62447c2c98f4d769f223ff4adac66229df5ca564fa5b4253e",
      "size": 2560
    },
    "scripts/program_integrity_guard.py": {
      "hash": "294c9ace4ac61c3b7bb299b14776679bf927aca4f336ff4ea75b1c4bcea8b0f1",
      "size": 2912
    },
    "scripts/smoke_api.py": {
      "hash": "251df770f5519adb642671231969174e085d639fb6062ce5677030e98dae98cd",
      "size": 1370
    },
    "scripts/hollow_repo_guard.py": {
      "hash": "1eed40f00d67a6b2986cdae13d745e8852f7a3b9571b85cfa2be360e413b33f0",
      "size": 2124
    },
    "scripts/bn_merge_cog_affect_priors.py": {
      "hash": "613977d6c6668ffc0c56dd9d7b910703a15e6ae0079c476f1084b3f97b60d234",
      "size": 1723
    },
    "scripts/audit_vlm_variance.py": {
      "hash": "f69b299938b71a94d66eb2b2e871db392aa03fbe11006cee265a70e661c96444",
      "size": 8608
    },
    "scripts/guardian.py": {
      "hash": "a07aa9dfcaf85858a797a07bf17ee8857d14d11e863f4c3fe0f904140a25a7ec",
      "size": 10037
    },
    "scripts/bn_add_cog_affect_bins.py": {
      "hash": "ae38d8893eac6749feeca352a2ff28e3821475f4f03b7b091af7e5604aa58e40",
      "size": 2166
    },
    "scripts/critical_import_guard.py": {
      "hash": "5bbca04163d99e214278d3914e4736716a3b16fce1332d11ad1785e82014ca34",
      "size": 1775
    },
    "scripts/export_bn_ready_dataset.py": {
      "hash": "5647ec09d57fe9a374752052a23312f6119af54594ea691615163d852eac4975",
      "size": 1210
    },
    "scripts/generate_tag_coverage.py": {
      "hash": "b25ae30c62e5292b6c4ebcd75830d44b10ae764d1e585719d605e6c5a44185a5",
      "size": 10780
    },
    "scripts/canon_guard.py": {
      "hash": "7d727d8a5eef41c11449d90f95139c330122d0a2e8f6033cc050e6eb4749eadd",
      "size": 3417
    },
    "scripts/science_harness.py": {
      "hash": "e9c78dc56150f723ff2146fbcf1b3388f93908c705839a2dac59b8ff1fc1b2e5",
      "size": 3194
    },
    "scripts/import_harness.py": {
      "hash": "f7f9067bc793946e7ad380e0b8cb3a2cd2ef6844e82897e0c572ba4a3f343c74",
      "size": 871
    },
    "scripts/syntax_guard.py": {
      "hash": "4c4bfbdfffb54107ae2d3f6b78dda15e459c55ca28c84f151e7316053f0858d9",
      "size": 3036
    },
    "scripts/vlm_turing_test_prep.py": {
      "hash": "8216950453e8ae51f9438712316477ae62778b29b98f9425e8969e7b9d910bdc",
      "size": 6219
    },
    "scripts/vlm_turing_test_score.py": {
      "hash": "edd201cb50e41ab8b9b7ea7a3874ddbfffd03846e055af4ba145cc23141591fd",
      "size": 4943
    },
    "scripts/check_no_pycache_in_tree.py": {
      "hash": "b3a222123e82b155fa3a036ccb8072e9024c3bd26781d5ea0c2a0cb7811cfe27",
      "size": 791
    },
    "frontend/shared/package.json": {
      "hash": "1abc19e430f91e7349eec034e8034f237466befa44bfb53b345049ed24d7f142",
      "size": 104
    },
    "frontend/shared/src/index.js": {
      "hash": "5899a76aa2d3c20449311641e8f833c80ed384e39f66fc1050877c0413d68b23",
      "size": 313
    },
    "frontend/shared/src/api-client.js": {
      "hash": "d412db48d4e9b653dbce2565f2c50c13f84f3fb60572810ed39ab2bcfbc92d60",
      "size": 2700
    },
    "frontend/shared/src/components/Header.jsx": {
      "hash": "63cc0a782cbbb773496002c1fe1bc3533cff032997e8c3519cee90ee48a481c2",
      "size": 1098
    },
    "frontend/shared/src/components/MaintenanceOverlay.jsx": {
      "hash": "186a13877f41aa006b22fd7f69d09272759b80144deee18c4cc26d40a77c6de7",
      "size": 3505
    },
    "frontend/shared/src/components/Toast.jsx": {
      "hash": "ea0ff3dabcafd326e2331d4fc4963cc25d3b7c4666e8ea084cc25d95b8e1924a",
      "size": 2807
    },
    "frontend/shared/src/components/Toggle.jsx": {
      "hash": "e17f14b2459845cefe4344f7e8504ee3b33f710453b4ab6850390c1f13cadc32",
      "size": 1034
    },
    "frontend/shared/src/components/Button.jsx": {
      "hash": "f1e9d6a82030b5d9d37bd76c9c69ff0b3bccd84f63feb2f7dea6b0174043a9f0",
      "size": 836
    },
    "frontend/apps/monitor/index.html": {
      "hash": "32395ae9780efe876b0c1fd7bcf583bbe8b6a98e3ab3f30c30c23edf135b3c10",
      "size": 343
    },
    "frontend/apps/monitor/vite.config.js": {
      "hash": "a6389be299f08218b06ab249c9b9c3ebd8d022214503f963890fb36ea6e17ac7",
      "size": 269
    },
    "frontend/apps/monitor/package.json": {
      "hash": "79ccdfecb5f3b574f4a46faf9edfb5a0c69f81b9a09aa08460d4b4e5ad45af85",
      "size": 149
    },
    "frontend/apps/admin/index.html": {
      "hash": "37620e963b95668174bc0af8fa959f0ce906c329b1a20a7d33bbf931f4ccb8ff",
      "size": 337
    },
    "frontend/apps/admin/vite.config.js": {
      "hash": "a6389be299f08218b06ab249c9b9c3ebd8d022214503f963890fb36ea6e17ac7",
      "size": 269
    },
    "frontend/apps/admin/package.json": {
      "hash": "13db837fbb95386f00424858c8c020d3f35b6fa091cfe6fd2ce0e99e52f902cf",
      "size": 147
    },
    "frontend/apps/explorer/index.html": {
      "hash": "12db1e86c2b229a0e0ca1f3a39351867e624f738b444d02ab5a9211de041cc4c",
      "size": 354
    },
    "frontend/apps/explorer/vite.config.js": {
      "hash": "a6389be299f08218b06ab249c9b9c3ebd8d022214503f963890fb36ea6e17ac7",
      "size": 269
    },
    "frontend/apps/explorer/package.json": {
      "hash": "2f3a0b177e481b7f203fdaf9649fac27e84dda76c5de0fcb0e4fbc5a6e89bcc3",
      "size": 150
    },
    "frontend/apps/workbench/index.html": {
      "hash": "fe20d9404f85762c1cfe70d0fac4f317a6f6e5ddcf0283700ab7b5b534f721c7",
      "size": 358
    },
    "frontend/apps/workbench/vite.config.js": {
      "hash": "a6389be299f08218b06ab249c9b9c3ebd8d022214503f963890fb36ea6e17ac7",
      "size": 269
    },
    "frontend/apps/workbench/package.json": {
      "hash": "ead96376fd9cc3511266c0d7b2bf9435a4f011fff2c79a05236e37f13d0871a5",
      "size": 151
    },
    "frontend/apps/monitor/src/main.jsx": {
      "hash": "aecd7f4a801b7e5bd868bb7e49db59f18609f03847caf826c5f14548ff6ed2c2",
      "size": 373
    },
    "frontend/apps/monitor/src/App.jsx": {
      "hash": "43b452c6752e0ceee093be61664abcb58a5fde99c9ad3395c56df6a28483d2ba",
      "size": 39980
    },
    "frontend/apps/admin/public/feature_navigator.html": {
      "hash": "34e053df7aa74954b21abd14ebc5cbf4d41fac41f373933dec1a436657bc7caf",
      "size": 38447
    },
    "frontend/apps/admin/public/feature_onboarding.html": {
      "hash": "2531b0e0427affe6ebdc5d5d5ebad87ada036492c9d90b96e20f8032f580ab72",
      "size": 2717
    },
    "frontend/apps/admin/src/main.jsx": {
      "hash": "aecd7f4a801b7e5bd868bb7e49db59f18609f03847caf826c5f14548ff6ed2c2",
      "size": 373
    },
    "frontend/apps/admin/src/App.jsx": {
      "hash": "46d81de0a08211bac1fd5465ba1b6dc83924580484f3787ef5f8bb1361880442",
      "size": 47210
    },
    "frontend/apps/explorer/src/main.jsx": {
      "hash": "aecd7f4a801b7e5bd868bb7e49db59f18609f03847caf826c5f14548ff6ed2c2",
      "size": 373
    },
    "frontend/apps/explorer/src/App.jsx": {
      "hash": "c77d85c1de46f175b2ee7cb03ad2b70a0323f3dd991dd0350693cf274d27edd6",
      "size": 22193
    },
    "frontend/apps/workbench/src/main.jsx": {
      "hash": "aecd7f4a801b7e5bd868bb7e49db59f18609f03847caf826c5f14548ff6ed2c2",
      "size": 373
    },
    "frontend/apps/workbench/src/App.jsx": {
      "hash": "974384ebc457eed2c9d2f44f254d4915f890409c4b7ae936ebf9fd51340a2040",
      "size": 12298
    }
  },
  "critical_files": [
    "backend/main.py",
    "backend/services/vlm.py",
    "backend/models/config.py",
    "backend/database/core.py",
    "backend/models/annotation.py",
    "backend/api/v1_annotation.py",
    "backend/science/pipeline.py",
    "deploy/docker-compose.yml",
    "deploy/nginx.conf",
    "deploy/Dockerfile.backend",
    "scripts/guardian.py",
    "v3_governance.yml",
    "README_v3.md",
    "install.sh",
    "backend/api/v1_admin.py",
    "backend/api/v1_supervision.py",
    "backend/api/v1_discovery.py",
    "backend/schemas/supervision.py",
    "scripts/smoke_api.py",
    "scripts/smoke_science.py",
    "tests/test_v3_api.py"
  ],
  "constraints": {
    "min_file_size_bytes": 20,
    "prevent_new_root_files": true,
    "enforce_science_tag_coverage": true,
    "check_bn_db_health": false
  },
  "root_files": [
    "CANONICAL_ANCHOR.json",
    "CHANGELOG_v3.4.23_tag_inspector.md",
    "CHANGELOG_v3.4.24_tag_inspector_help.md",
    "CHANGELOG_v3.4.25_role_help_strips.md",
    "CHANGELOG_v3.4.27_priority_help.md",
    "CHANGELOG_v3.4.28_pipeline_health_view.md",
    "CHANGELOG_v3.4.30_pipeline_health_tests.md",
    "CHANGELOG_v3.4.31_bn_canon_sanity.md",
    "CHANGELOG_v3.4.32_restorativeness_H1.md",
    "CHANGELOG_v3.4.36_upload_guard_and_bn_guard.md",
    "CHANGELOG_v3.4.60_semantic_tags_vlm.md",
    "CHANGELOG_v3.4.62_science_tag_coverage_enforced.md",
    "CHANGELOG_v3.4.63_bn_db_tightening_and_health.md",
    "CHANGELOG_v3.4.64_bn_db_migration_helper.md",
    "Makefile",
    "PROJECT_CONSTITUTION.md",
    "README_v3.md",
    "STUDENT_START_HERE.md",
    "VERSION",
    "auto_install.sh",
    "deconcat.py",
    "deconcat_v3_3.py",
    "install.sh",
    "release.keep.yml",
    "requirements-install.txt",
    "science_tag_coverage_v1.json",
    "v3_governance.yml"
  ]
}